// !$*UTF8*$!
{
	archiveVersion = 1;
	classes = {
	};
	objectVersion = 46;
	objects = {

/* Begin PBXBuildFile section */
		94B88E121CCF7BD300B3DB40 /* main.cpp in Sources */ = {isa = PBXBuildFile; fileRef = 94B88E111CCF7BD300B3DB40 /* main.cpp */; };
		94B88E191CCFC22B00B3DB40 /* README.md in Sources */ = {isa = PBXBuildFile; fileRef = 94B88E181CCFC22B00B3DB40 /* README.md */; };
/* End PBXBuildFile section */

/* Begin PBXCopyFilesBuildPhase section */
		94B88E0C1CCF7BD300B3DB40 /* CopyFiles */ = {
			isa = PBXCopyFilesBuildPhase;
			buildActionMask = 2147483647;
			dstPath = /usr/share/man/man1/;
			dstSubfolderSpec = 0;
			files = (
			);
			runOnlyForDeploymentPostprocessing = 1;
		};
/* End PBXCopyFilesBuildPhase section */

/* Begin PBXFileReference section */
		94B88E0E1CCF7BD300B3DB40 /* ccoder */ = {isa = PBXFileReference; explicitFileType = "compiled.mach-o.executable"; includeInIndex = 0; path = ccoder; sourceTree = BUILT_PRODUCTS_DIR; };
		94B88E111CCF7BD300B3DB40 /* main.cpp */ = {isa = PBXFileReference; lastKnownFileType = sourcecode.cpp.cpp; path = main.cpp; sourceTree = "<group>"; };
		94B88E181CCFC22B00B3DB40 /* README.md */ = {isa = PBXFileReference; fileEncoding = 4; lastKnownFileType = net.daringfireball.markdown; path = README.md; sourceTree = "<group>"; };
		94B88E1A1CD07A7E00B3DB40 /* config.yaml */ = {isa = PBXFileReference; fileEncoding = 4; lastKnownFileType = text; path = config.yaml; sourceTree = "<group>"; };
/* End PBXFileReference section */

/* Begin PBXFrameworksBuildPhase section */
		94B88E0B1CCF7BD300B3DB40 /* Frameworks */ = {
			isa = PBXFrameworksBuildPhase;
			buildActionMask = 2147483647;
			files = (
			);
			runOnlyForDeploymentPostprocessing = 0;
		};
/* End PBXFrameworksBuildPhase section */

/* Begin PBXGroup section */
		94B88E051CCF7BD300B3DB40 = {
			isa = PBXGroup;
			children = (
				94B88E101CCF7BD300B3DB40 /* ccoder */,
				94B88E0F1CCF7BD300B3DB40 /* Products */,
			);
			sourceTree = "<group>";
		};
		94B88E0F1CCF7BD300B3DB40 /* Products */ = {
			isa = PBXGroup;
			children = (
				94B88E0E1CCF7BD300B3DB40 /* ccoder */,
			);
			name = Products;
			sourceTree = "<group>";
		};
		94B88E101CCF7BD300B3DB40 /* ccoder */ = {
			isa = PBXGroup;
			children = (
				94B88E111CCF7BD300B3DB40 /* main.cpp */,
				94B88E181CCFC22B00B3DB40 /* README.md */,
				94B88E1A1CD07A7E00B3DB40 /* config.yaml */,
			);
			path = ccoder;
			sourceTree = "<group>";
		};
/* End PBXGroup section */

/* Begin PBXNativeTarget section */
		94B88E0D1CCF7BD300B3DB40 /* ccoder */ = {
			isa = PBXNativeTarget;
			buildConfigurationList = 94B88E151CCF7BD300B3DB40 /* Build configuration list for PBXNativeTarget "ccoder" */;
			buildPhases = (
				94B88E0A1CCF7BD300B3DB40 /* Sources */,
				94B88E0B1CCF7BD300B3DB40 /* Frameworks */,
				94B88E0C1CCF7BD300B3DB40 /* CopyFiles */,
			);
			buildRules = (
			);
			dependencies = (
			);
			name = ccoder;
			productName = ccoder;
			productReference = 94B88E0E1CCF7BD300B3DB40 /* ccoder */;
			productType = "com.apple.product-type.tool";
		};
/* End PBXNativeTarget section */

/* Begin PBXProject section */
		94B88E061CCF7BD300B3DB40 /* Project object */ = {
			isa = PBXProject;
			attributes = {
				KnownAssetTags = (
					New,
				);
				LastUpgradeCheck = 0720;
				ORGANIZATIONNAME = hegw;
				TargetAttributes = {
					94B88E0D1CCF7BD300B3DB40 = {
						CreatedOnToolsVersion = 7.2.1;
					};
				};
			};
			buildConfigurationList = 94B88E091CCF7BD300B3DB40 /* Build configuration list for PBXProject "ccoder" */;
			compatibilityVersion = "Xcode 3.2";
			developmentRegion = English;
			hasScannedForEncodings = 0;
			knownRegions = (
				en,
			);
			mainGroup = 94B88E051CCF7BD300B3DB40;
			productRefGroup = 94B88E0F1CCF7BD300B3DB40 /* Products */;
			projectDirPath = "";
			projectRoot = "";
			targets = (
				94B88E0D1CCF7BD300B3DB40 /* ccoder */,
			);
		};
/* End PBXProject section */

/* Begin PBXSourcesBuildPhase section */
		94B88E0A1CCF7BD300B3DB40 /* Sources */ = {
			isa = PBXSourcesBuildPhase;
			buildActionMask = 2147483647;
			files = (
				94B88E191CCFC22B00B3DB40 /* README.md in Sources */,
				94B88E121CCF7BD300B3DB40 /* main.cpp in Sources */,
			);
			runOnlyForDeploymentPostprocessing = 0;
		};
/* End PBXSourcesBuildPhase section */

/* Begin XCBuildConfiguration section */
		94B88E131CCF7BD300B3DB40 /* Debug */ = {
			isa = XCBuildConfiguration;
			buildSettings = {
				ALWAYS_SEARCH_USER_PATHS = NO;
				CLANG_CXX_LANGUAGE_STANDARD = "gnu++0x";
				CLANG_CXX_LIBRARY = "libc++";
				CLANG_ENABLE_MODULES = YES;
				CLANG_ENABLE_OBJC_ARC = YES;
				CLANG_WARN_BOOL_CONVERSION = YES;
				CLANG_WARN_CONSTANT_CONVERSION = YES;
				CLANG_WARN_DIRECT_OBJC_ISA_USAGE = YES_ERROR;
				CLANG_WARN_EMPTY_BODY = YES;
				CLANG_WARN_ENUM_CONVERSION = YES;
				CLANG_WARN_INT_CONVERSION = YES;
				CLANG_WARN_OBJC_ROOT_CLASS = YES_ERROR;
				CLANG_WARN_UNREACHABLE_CODE = YES;
				CLANG_WARN__DUPLICATE_METHOD_MATCH = YES;
				CODE_SIGN_IDENTITY = "-";
				COPY_PHASE_STRIP = NO;
				DEBUG_INFORMATION_FORMAT = dwarf;
				ENABLE_STRICT_OBJC_MSGSEND = YES;
				ENABLE_TESTABILITY = YES;
				GCC_C_LANGUAGE_STANDARD = gnu99;
				GCC_DYNAMIC_NO_PIC = NO;
				GCC_NO_COMMON_BLOCKS = YES;
				GCC_OPTIMIZATION_LEVEL = 0;
				GCC_PREPROCESSOR_DEFINITIONS = (
					"DEBUG=1",
					"$(inherited)",
				);
				GCC_WARN_64_TO_32_BIT_CONVERSION = YES;
				GCC_WARN_ABOUT_RETURN_TYPE = YES_ERROR;
				GCC_WARN_UNDECLARED_SELECTOR = YES;
				GCC_WARN_UNINITIALIZED_AUTOS = YES_AGGRESSIVE;
				GCC_WARN_UNUSED_FUNCTION = YES;
				GCC_WARN_UNUSED_VARIABLE = YES;
				LIBRARY_SEARCH_PATHS = /usr/local/include;
				MACOSX_DEPLOYMENT_TARGET = 10.11;
				MTL_ENABLE_DEBUG_INFO = YES;
				ONLY_ACTIVE_ARCH = YES;
				OTHER_LDFLAGS = (
					"-lmysqlcppconn",
					"-lm",
					"-lmysqlclient",
					"-lz",
					"-lyaml-cpp",
				);
				SDKROOT = macosx;
			};
			name = Debug;
		};
		94B88E141CCF7BD300B3DB40 /* Release */ = {
			isa = XCBuildConfiguration;
			buildSettings = {
				ALWAYS_SEARCH_USER_PATHS = NO;
				CLANG_CXX_LANGUAGE_STANDARD = "gnu++0x";
				CLANG_CXX_LIBRARY = "libc++";
				CLANG_ENABLE_MODULES = YES;
				CLANG_ENABLE_OBJC_ARC = YES;
				CLANG_WARN_BOOL_CONVERSION = YES;
				CLANG_WARN_CONSTANT_CONVERSION = YES;
				CLANG_WARN_DIRECT_OBJC_ISA_USAGE = YES_ERROR;
				CLANG_WARN_EMPTY_BODY = YES;
				CLANG_WARN_ENUM_CONVERSION = YES;
				CLANG_WARN_INT_CONVERSION = YES;
				CLANG_WARN_OBJC_ROOT_CLASS = YES_ERROR;
				CLANG_WARN_UNREACHABLE_CODE = YES;
				CLANG_WARN__DUPLICATE_METHOD_MATCH = YES;
				CODE_SIGN_IDENTITY = "-";
				COPY_PHASE_STRIP = NO;
				DEBUG_INFORMATION_FORMAT = "dwarf-with-dsym";
				ENABLE_NS_ASSERTIONS = NO;
				ENABLE_STRICT_OBJC_MSGSEND = YES;
				GCC_C_LANGUAGE_STANDARD = gnu99;
				GCC_NO_COMMON_BLOCKS = YES;
				GCC_WARN_64_TO_32_BIT_CONVERSION = YES;
				GCC_WARN_ABOUT_RETURN_TYPE = YES_ERROR;
				GCC_WARN_UNDECLARED_SELECTOR = YES;
				GCC_WARN_UNINITIALIZED_AUTOS = YES_AGGRESSIVE;
				GCC_WARN_UNUSED_FUNCTION = YES;
				GCC_WARN_UNUSED_VARIABLE = YES;
				LIBRARY_SEARCH_PATHS = /usr/local/include;
				MACOSX_DEPLOYMENT_TARGET = 10.11;
				MTL_ENABLE_DEBUG_INFO = NO;
				OTHER_LDFLAGS = (
					"-lmysqlcppconn",
					"-lm",
					"-lmysqlclient",
					"-lz",
					"-lyaml-cpp",
				);
				SDKROOT = macosx;
			};
			name = Release;
		};
		94B88E161CCF7BD300B3DB40 /* Debug */ = {
			isa = XCBuildConfiguration;
			buildSettings = {
				HEADER_SEARCH_PATHS = (
					/use/local/mysql/include,
					/usr/local/include,
				);
				LIBRARY_SEARCH_PATHS = (
					/usr/local/mysql/lib,
					/usr/local/lib,
				);
				PRODUCT_NAME = "$(TARGET_NAME)";
			};
			name = Debug;
		};
		94B88E171CCF7BD300B3DB40 /* Release */ = {
			isa = XCBuildConfiguration;
			buildSettings = {
				HEADER_SEARCH_PATHS = (
					/use/local/mysql/include,
					/usr/local/include,
				);
				LIBRARY_SEARCH_PATHS = (
					/usr/local/mysql/lib,
					/usr/local/lib,
				);
				PRODUCT_NAME = "$(TARGET_NAME)";
			};
			name = Release;
		};
/* End XCBuildConfiguration section */

/* Begin XCConfigurationList section */
		94B88E091CCF7BD300B3DB40 /* Build configuration list for PBXProject "ccoder" */ = {
			isa = XCConfigurationList;
			buildConfigurations = (
				94B88E131CCF7BD300B3DB40 /* Debug */,
				94B88E141CCF7BD300B3DB40 /* Release */,
			);
			defaultConfigurationIsVisible = 0;
			defaultConfigurationName = Release;
		};
		94B88E151CCF7BD300B3DB40 /* Build configuration list for PBXNativeTarget "ccoder" */ = {
			isa = XCConfigurationList;
			buildConfigurations = (
				94B88E161CCF7BD300B3DB40 /* Debug */,
				94B88E171CCF7BD300B3DB40 /* Release */,
			);
			defaultConfigurationIsVisible = 0;
			defaultConfigurationName = Release;
		};
/* End XCConfigurationList section */
	};
	rootObject = 94B88E061CCF7BD300B3DB40 /* Project object */;
}
